
Microsoft Visual Studio Solution File, Format Version 12.00
# Visual Studio 15
VisualStudioVersion = 15.0.28010.0
MinimumVisualStudioVersion = 10.0.40219.1
Project("{FAE04EC0-301F-11D3-BF4B-00C04F79EFBC}") = "HandlerImage", "HandlerImageWS\HandlerImage.csproj", "{6CCD33BF-37AD-4C31-9972-44573C3A03B5}"
EndProject
Global
	GlobalSection(SolutionConfigurationPlatforms) = preSolution
		Debug|Any CPU = Debug|Any CPU
		Release|Any CPU = Release|Any CPU
	EndGlobalSection
	GlobalSection(ProjectConfigurationPlatforms) = postSolution
		{6CCD33BF-37AD-4C31-9972-44573C3A03B5}.Debug|Any CPU.ActiveCfg = Debug|Any CPU
		{6CCD33BF-37AD-4C31-9972-44573C3A03B5}.Debug|Any CPU.Build.0 = Debug|Any CPU
		{6CCD33BF-37AD-4C31-9972-44573C3A03B5}.Release|Any CPU.ActiveCfg = Release|Any CPU
		{6CCD33BF-37AD-4C31-9972-44573C3A03B5}.Release|Any CPU.Build.0 = Release|Any CPU
	EndGlobalSection
	GlobalSection(SolutionProperties) = preSolution
		HideSolutionNode = FALSE
	EndGlobalSection
	GlobalSection(ExtensibilityGlobals) = postSolution
		SolutionGuid = {94FE3FE2-CC79-4B90-84E5-67734CF03566}
	EndGlobalSection
	GlobalSection(TeamFoundationVersionControl) = preSolution
		SccNumberOfProjects = 2
		SccEnterpriseProvider = {4CA58AB2-18FA-4F8D-95D4-32DDF27D184C}
		SccTeamFoundationServer = https://dev.azure.com/invesafe
		SccLocalPath0 = .
		SccProjectUniqueName1 = HandlerImageWS\\HandlerImage.csproj
		SccProjectName1 = HandlerImageWS
		SccLocalPath1 = HandlerImageWS
	EndGlobalSection
EndGlobal
